
Microsoft Visual Studio Solution File, Format Version 12.00
# Visual Studio Version 17
VisualStudioVersion = 17.9.34622.214
MinimumVisualStudioVersion = 10.0.40219.1
Project("{9A19103F-16F7-4668-BE54-9A1E7A4F7556}") = "SampleMVC", "SampleMVC\SampleMVC.csproj", "{1459EA43-CBE7-4AED-8437-979917C9D0AD}"
EndProject
Project("{E53339B2-1760-4266-BCC7-CA923CBCF16C}") = "docker-compose", "docker-compose.dcproj", "{FC730236-8E18-4B18-9467-7E3828610788}"
EndProject
Global
	GlobalSection(SolutionConfigurationPlatforms) = preSolution
		Debug|Any CPU = Debug|Any CPU
		Release|Any CPU = Release|Any CPU
	EndGlobalSection
	GlobalSection(ProjectConfigurationPlatforms) = postSolution
		{1459EA43-CBE7-4AED-8437-979917C9D0AD}.Debug|Any CPU.ActiveCfg = Debug|Any CPU
		{1459EA43-CBE7-4AED-8437-979917C9D0AD}.Debug|Any CPU.Build.0 = Debug|Any CPU
		{1459EA43-CBE7-4AED-8437-979917C9D0AD}.Release|Any CPU.ActiveCfg = Release|Any CPU
		{1459EA43-CBE7-4AED-8437-979917C9D0AD}.Release|Any CPU.Build.0 = Release|Any CPU
		{FC730236-8E18-4B18-9467-7E3828610788}.Debug|Any CPU.ActiveCfg = Debug|Any CPU
		{FC730236-8E18-4B18-9467-7E3828610788}.Debug|Any CPU.Build.0 = Debug|Any CPU
		{FC730236-8E18-4B18-9467-7E3828610788}.Release|Any CPU.ActiveCfg = Release|Any CPU
		{FC730236-8E18-4B18-9467-7E3828610788}.Release|Any CPU.Build.0 = Release|Any CPU
	EndGlobalSection
	GlobalSection(SolutionProperties) = preSolution
		HideSolutionNode = FALSE
	EndGlobalSection
	GlobalSection(ExtensibilityGlobals) = postSolution
		SolutionGuid = {7BC27D5B-D668-4673-A7ED-D4E4DF59806A}
	EndGlobalSection
EndGlobal
