
Microsoft Visual Studio Solution File, Format Version 12.00
# Visual Studio Version 17
VisualStudioVersion = 17.5.002.0
MinimumVisualStudioVersion = 10.0.40219.1
Project("{9A19103F-16F7-4668-BE54-9A1E7A4F7556}") = "SampleMVC", "SampleMVC.csproj", "{D35EDFE4-BB91-4560-8ABB-DDCB08C4CB82}"
EndProject
Global
	GlobalSection(SolutionConfigurationPlatforms) = preSolution
		Debug|Any CPU = Debug|Any CPU
		Release|Any CPU = Release|Any CPU
	EndGlobalSection
	GlobalSection(ProjectConfigurationPlatforms) = postSolution
		{D35EDFE4-BB91-4560-8ABB-DDCB08C4CB82}.Debug|Any CPU.ActiveCfg = Debug|Any CPU
		{D35EDFE4-BB91-4560-8ABB-DDCB08C4CB82}.Debug|Any CPU.Build.0 = Debug|Any CPU
		{D35EDFE4-BB91-4560-8ABB-DDCB08C4CB82}.Release|Any CPU.ActiveCfg = Release|Any CPU
		{D35EDFE4-BB91-4560-8ABB-DDCB08C4CB82}.Release|Any CPU.Build.0 = Release|Any CPU
	EndGlobalSection
	GlobalSection(SolutionProperties) = preSolution
		HideSolutionNode = FALSE
	EndGlobalSection
	GlobalSection(ExtensibilityGlobals) = postSolution
		SolutionGuid = {85DF5973-12C4-492B-B36D-708D400993BE}
	EndGlobalSection
EndGlobal
